// !$*UTF8*$!
{
	archiveVersion = 1;
	classes = {
	};
	objectVersion = 46;
	objects = {

/* Begin PBXBuildFile section */
		4648F66713A32AFE004F67D6 /* zap.png in Resources */ = {isa = PBXBuildFile; fileRef = 4648F66513A32AFE004F67D6 /* zap.png */; };
		4648F66813A32AFE004F67D6 /* zap@2x.png in Resources */ = {isa = PBXBuildFile; fileRef = 4648F66613A32AFE004F67D6 /* zap@2x.png */; };
		4651A7DB13A717F4002054D0 /* icon.png in Resources */ = {isa = PBXBuildFile; fileRef = 4651A7D913A717F4002054D0 /* icon.png */; };
		4651A7DC13A717F4002054D0 /* icon@2x.png in Resources */ = {isa = PBXBuildFile; fileRef = 4651A7DA13A717F4002054D0 /* icon@2x.png */; };
		4651A7DF13A7188D002054D0 /* icon-iPad.png in Resources */ = {isa = PBXBuildFile; fileRef = 4651A7DE13A7188D002054D0 /* icon-iPad.png */; };
		4651A7E513A84BC3002054D0 /* icon2@2x.png in Resources */ = {isa = PBXBuildFile; fileRef = 4651A7E413A84BC3002054D0 /* icon2@2x.png */; };
		4651A7E813A8538D002054D0 /* icon_2@2x.png in Resources */ = {isa = PBXBuildFile; fileRef = 4651A7E713A8538D002054D0 /* icon_2@2x.png */; };
		4651A7EA13A987DC002054D0 /* icon_color@2x.png in Resources */ = {isa = PBXBuildFile; fileRef = 4651A7E913A987DC002054D0 /* icon_color@2x.png */; };
		4651A7EC13A9A4ED002054D0 /* icon_color_2@2x.png in Resources */ = {isa = PBXBuildFile; fileRef = 4651A7EB13A9A4ED002054D0 /* icon_color_2@2x.png */; };
		4651A7EE13A9A627002054D0 /* icon_color_3@2x.png in Resources */ = {isa = PBXBuildFile; fileRef = 4651A7ED13A9A627002054D0 /* icon_color_3@2x.png */; };
		4651A7F013AAF101002054D0 /* icon_cocoia1@2x.png in Resources */ = {isa = PBXBuildFile; fileRef = 4651A7EF13AAF101002054D0 /* icon_cocoia1@2x.png */; };
		4651A7F213AB088D002054D0 /* bumpyButton@2x.png in Resources */ = {isa = PBXBuildFile; fileRef = 4651A7F113AB088D002054D0 /* bumpyButton@2x.png */; };
		4651A7FA13AC0261002054D0 /* Localizable.strings in Resources */ = {isa = PBXBuildFile; fileRef = 4651A7FC13AC0261002054D0 /* Localizable.strings */; };
		4696543513A28ADB00DA476E /* libSystem.B.dylib in Frameworks */ = {isa = PBXBuildFile; fileRef = 4696543413A28ADB00DA476E /* libSystem.B.dylib */; settings = {ATTRIBUTES = (Weak, ); }; };
		46A95C3A13A0431200B0F1A5 /* carbon_fibre@2x.png in Resources */ = {isa = PBXBuildFile; fileRef = 46A95C3013A0431200B0F1A5 /* carbon_fibre@2x.png */; };
		46A95C3B13A0431200B0F1A5 /* tactile_noise@2x.png in Resources */ = {isa = PBXBuildFile; fileRef = 46A95C3113A0431200B0F1A5 /* tactile_noise@2x.png */; };
		46A95C3C13A0431200B0F1A5 /* black_denim@2x.png in Resources */ = {isa = PBXBuildFile; fileRef = 46A95C3213A0431200B0F1A5 /* black_denim@2x.png */; };
		46A95C3D13A0431200B0F1A5 /* dark_stripes@2x.png in Resources */ = {isa = PBXBuildFile; fileRef = 46A95C3313A0431200B0F1A5 /* dark_stripes@2x.png */; };
		46A95C3E13A0431200B0F1A5 /* wood_1@2x.png in Resources */ = {isa = PBXBuildFile; fileRef = 46A95C3413A0431200B0F1A5 /* wood_1@2x.png */; };
		46A95C3F13A0431200B0F1A5 /* black_paper@2x.png in Resources */ = {isa = PBXBuildFile; fileRef = 46A95C3513A0431200B0F1A5 /* black_paper@2x.png */; };
		46A95C4013A0431200B0F1A5 /* blackmamba@2x.png in Resources */ = {isa = PBXBuildFile; fileRef = 46A95C3613A0431200B0F1A5 /* blackmamba@2x.png */; };
		46A95C4113A0431200B0F1A5 /* padded@2x.png in Resources */ = {isa = PBXBuildFile; fileRef = 46A95C3713A0431200B0F1A5 /* padded@2x.png */; };
		46A95C4213A0431200B0F1A5 /* black_linen@2x.png in Resources */ = {isa = PBXBuildFile; fileRef = 46A95C3813A0431200B0F1A5 /* black_linen@2x.png */; };
		46A95C6A13A05E1700B0F1A5 /* 45degreee_fabric.png in Resources */ = {isa = PBXBuildFile; fileRef = 46A95C5C13A05E1700B0F1A5 /* 45degreee_fabric.png */; };
		46A95C6B13A05E1700B0F1A5 /* fabric_1.png in Resources */ = {isa = PBXBuildFile; fileRef = 46A95C5D13A05E1700B0F1A5 /* fabric_1.png */; };
		46A95C6C13A05E1700B0F1A5 /* white_carbon.png in Resources */ = {isa = PBXBuildFile; fileRef = 46A95C5E13A05E1700B0F1A5 /* white_carbon.png */; };
		46A95C6D13A05E1700B0F1A5 /* leather_1.png in Resources */ = {isa = PBXBuildFile; fileRef = 46A95C5F13A05E1700B0F1A5 /* leather_1.png */; };
		46A95C6E13A05E1700B0F1A5 /* paper_1.png in Resources */ = {isa = PBXBuildFile; fileRef = 46A95C6013A05E1700B0F1A5 /* paper_1.png */; };
		46A95C6F13A05E1700B0F1A5 /* white_sand.png in Resources */ = {isa = PBXBuildFile; fileRef = 46A95C6113A05E1700B0F1A5 /* white_sand.png */; };
		46A95C7013A05E1700B0F1A5 /* exclusive_paper.png in Resources */ = {isa = PBXBuildFile; fileRef = 46A95C6213A05E1700B0F1A5 /* exclusive_paper.png */; };
		46A95C7113A05E1700B0F1A5 /* 60degree_gray.png in Resources */ = {isa = PBXBuildFile; fileRef = 46A95C6313A05E1700B0F1A5 /* 60degree_gray.png */; };
		46A95C7213A05E1700B0F1A5 /* smooth_wall.png in Resources */ = {isa = PBXBuildFile; fileRef = 46A95C6413A05E1700B0F1A5 /* smooth_wall.png */; };
		46A95C7313A05E1700B0F1A5 /* pinstripe.png in Resources */ = {isa = PBXBuildFile; fileRef = 46A95C6513A05E1700B0F1A5 /* pinstripe.png */; };
		46A95C7413A05E1700B0F1A5 /* handmadepaper.png in Resources */ = {isa = PBXBuildFile; fileRef = 46A95C6613A05E1700B0F1A5 /* handmadepaper.png */; };
		46A95C7513A05E1700B0F1A5 /* rockywall.png in Resources */ = {isa = PBXBuildFile; fileRef = 46A95C6713A05E1700B0F1A5 /* rockywall.png */; };
		46A95C7613A05E1700B0F1A5 /* double_lined.png in Resources */ = {isa = PBXBuildFile; fileRef = 46A95C6813A05E1700B0F1A5 /* double_lined.png */; };
		46A95C7713A05E1700B0F1A5 /* light_honeycomb.png in Resources */ = {isa = PBXBuildFile; fileRef = 46A95C6913A05E1700B0F1A5 /* light_honeycomb.png */; };
		46AED4DC13A32E26005E660E /* QuartzCore.framework in Frameworks */ = {isa = PBXBuildFile; fileRef = 46AED4DB13A32E26005E660E /* QuartzCore.framework */; };
		46AFD1301397292F00654864 /* UIKit.framework in Frameworks */ = {isa = PBXBuildFile; fileRef = 46AFD12F1397292F00654864 /* UIKit.framework */; };
		46AFD1321397292F00654864 /* Foundation.framework in Frameworks */ = {isa = PBXBuildFile; fileRef = 46AFD1311397292F00654864 /* Foundation.framework */; };
		46AFD1341397292F00654864 /* CoreGraphics.framework in Frameworks */ = {isa = PBXBuildFile; fileRef = 46AFD1331397292F00654864 /* CoreGraphics.framework */; };
		46AFD13A1397292F00654864 /* InfoPlist.strings in Resources */ = {isa = PBXBuildFile; fileRef = 46AFD1381397292F00654864 /* InfoPlist.strings */; };
		46AFD13D1397292F00654864 /* main.m in Sources */ = {isa = PBXBuildFile; fileRef = 46AFD13C1397292F00654864 /* main.m */; };
		46AFD1401397292F00654864 /* Light_AppDelegate.m in Sources */ = {isa = PBXBuildFile; fileRef = 46AFD13F1397292F00654864 /* Light_AppDelegate.m */; };
		46AFD1431397292F00654864 /* MainWindow.xib in Resources */ = {isa = PBXBuildFile; fileRef = 46AFD1411397292F00654864 /* MainWindow.xib */; };
		46AFD1461397292F00654864 /* Light_ViewController.m in Sources */ = {isa = PBXBuildFile; fileRef = 46AFD1451397292F00654864 /* Light_ViewController.m */; };
		46AFD1491397292F00654864 /* Light_ViewController.xib in Resources */ = {isa = PBXBuildFile; fileRef = 46AFD1471397292F00654864 /* Light_ViewController.xib */; };
		46AFD16B1397294700654864 /* MainWindow-iPad.xib in Resources */ = {isa = PBXBuildFile; fileRef = 46AFD1691397294600654864 /* MainWindow-iPad.xib */; };
		46E42816139ABF4A004CA035 /* LATorch.m in Sources */ = {isa = PBXBuildFile; fileRef = 46E42815139ABF4A004CA035 /* LATorch.m */; };
		46E4281F139AC151004CA035 /* AVFoundation.framework in Frameworks */ = {isa = PBXBuildFile; fileRef = 46E4281E139AC151004CA035 /* AVFoundation.framework */; settings = {ATTRIBUTES = (Weak, ); }; };
		46E42821139C6C0E004CA035 /* light_honeycomb@2x.png in Resources */ = {isa = PBXBuildFile; fileRef = 46E42820139C6C0E004CA035 /* light_honeycomb@2x.png */; };
		46E42830139C6DF1004CA035 /* 45degree_fabric@2x.png in Resources */ = {isa = PBXBuildFile; fileRef = 46E42823139C6DF1004CA035 /* 45degree_fabric@2x.png */; };
		46E42831139C6DF1004CA035 /* fabric_1@2x.png in Resources */ = {isa = PBXBuildFile; fileRef = 46E42824139C6DF1004CA035 /* fabric_1@2x.png */; };
		46E42832139C6DF1004CA035 /* white_carbon@2x.png in Resources */ = {isa = PBXBuildFile; fileRef = 46E42825139C6DF1004CA035 /* white_carbon@2x.png */; };
		46E42833139C6DF1004CA035 /* leather_1@2x.png in Resources */ = {isa = PBXBuildFile; fileRef = 46E42826139C6DF1004CA035 /* leather_1@2x.png */; };
		46E42834139C6DF1004CA035 /* paper_1@2x.png in Resources */ = {isa = PBXBuildFile; fileRef = 46E42827139C6DF1004CA035 /* paper_1@2x.png */; };
		46E42835139C6DF1004CA035 /* white_sand@2x.png in Resources */ = {isa = PBXBuildFile; fileRef = 46E42828139C6DF1004CA035 /* white_sand@2x.png */; };
		46E42836139C6DF1004CA035 /* exclusive_paper@2x.png in Resources */ = {isa = PBXBuildFile; fileRef = 46E42829139C6DF1004CA035 /* exclusive_paper@2x.png */; };
		46E42837139C6DF1004CA035 /* 60degree_gray@2x.png in Resources */ = {isa = PBXBuildFile; fileRef = 46E4282A139C6DF1004CA035 /* 60degree_gray@2x.png */; };
		46E42838139C6DF1004CA035 /* smooth_wall@2x.png in Resources */ = {isa = PBXBuildFile; fileRef = 46E4282B139C6DF1004CA035 /* smooth_wall@2x.png */; };
		46E42839139C6DF1004CA035 /* pinstripe@2x.png in Resources */ = {isa = PBXBuildFile; fileRef = 46E4282C139C6DF1004CA035 /* pinstripe@2x.png */; };
		46E4283A139C6DF1004CA035 /* handmadepaper@2x.png in Resources */ = {isa = PBXBuildFile; fileRef = 46E4282D139C6DF1004CA035 /* handmadepaper@2x.png */; };
		46E4283B139C6DF1004CA035 /* rockywall@2x.png in Resources */ = {isa = PBXBuildFile; fileRef = 46E4282E139C6DF1004CA035 /* rockywall@2x.png */; };
		46E4283C139C6DF1004CA035 /* double_lined@2x.png in Resources */ = {isa = PBXBuildFile; fileRef = 46E4282F139C6DF1004CA035 /* double_lined@2x.png */; };
/* End PBXBuildFile section */

/* Begin PBXFileReference section */
		4648F66513A32AFE004F67D6 /* zap.png */ = {isa = PBXFileReference; lastKnownFileType = image.png; path = zap.png; sourceTree = "<group>"; };
		4648F66613A32AFE004F67D6 /* zap@2x.png */ = {isa = PBXFileReference; lastKnownFileType = image.png; path = "zap@2x.png"; sourceTree = "<group>"; };
		4651A7D913A717F4002054D0 /* icon.png */ = {isa = PBXFileReference; lastKnownFileType = image.png; path = icon.png; sourceTree = "<group>"; };
		4651A7DA13A717F4002054D0 /* icon@2x.png */ = {isa = PBXFileReference; lastKnownFileType = image.png; path = "icon@2x.png"; sourceTree = "<group>"; };
		4651A7DE13A7188D002054D0 /* icon-iPad.png */ = {isa = PBXFileReference; lastKnownFileType = image.png; path = "icon-iPad.png"; sourceTree = "<group>"; };
		4651A7E413A84BC3002054D0 /* icon2@2x.png */ = {isa = PBXFileReference; lastKnownFileType = image.png; path = "icon2@2x.png"; sourceTree = "<group>"; };
		4651A7E713A8538D002054D0 /* icon_2@2x.png */ = {isa = PBXFileReference; lastKnownFileType = image.png; path = "icon_2@2x.png"; sourceTree = "<group>"; };
		4651A7E913A987DC002054D0 /* icon_color@2x.png */ = {isa = PBXFileReference; lastKnownFileType = image.png; path = "icon_color@2x.png"; sourceTree = "<group>"; };
		4651A7EB13A9A4ED002054D0 /* icon_color_2@2x.png */ = {isa = PBXFileReference; lastKnownFileType = image.png; path = "icon_color_2@2x.png"; sourceTree = "<group>"; };
		4651A7ED13A9A627002054D0 /* icon_color_3@2x.png */ = {isa = PBXFileReference; lastKnownFileType = image.png; path = "icon_color_3@2x.png"; sourceTree = "<group>"; };
		4651A7EF13AAF101002054D0 /* icon_cocoia1@2x.png */ = {isa = PBXFileReference; lastKnownFileType = image.png; path = "icon_cocoia1@2x.png"; sourceTree = "<group>"; };
		4651A7F113AB088D002054D0 /* bumpyButton@2x.png */ = {isa = PBXFileReference; lastKnownFileType = image.png; path = "bumpyButton@2x.png"; sourceTree = "<group>"; };
		4651A7FB13AC0261002054D0 /* en */ = {isa = PBXFileReference; lastKnownFileType = text.plist.strings; name = en; path = en.lproj/Localizable.strings; sourceTree = "<group>"; };
		4651A7FD13AC029D002054D0 /* ja */ = {isa = PBXFileReference; lastKnownFileType = text.plist.strings; name = ja; path = ja.lproj/Localizable.strings; sourceTree = "<group>"; };
		4651A7FE13AC030A002054D0 /* fr */ = {isa = PBXFileReference; lastKnownFileType = text.plist.strings; name = fr; path = fr.lproj/Localizable.strings; sourceTree = "<group>"; };
		4651A7FF13AC0357002054D0 /* de */ = {isa = PBXFileReference; lastKnownFileType = text.plist.strings; name = de; path = de.lproj/Localizable.strings; sourceTree = "<group>"; };
		4651A80013AC03B0002054D0 /* es */ = {isa = PBXFileReference; lastKnownFileType = text.plist.strings; name = es; path = es.lproj/Localizable.strings; sourceTree = "<group>"; };
		4651A80113AC0410002054D0 /* it */ = {isa = PBXFileReference; lastKnownFileType = text.plist.strings; name = it; path = it.lproj/Localizable.strings; sourceTree = "<group>"; };
		4651A80213AC0452002054D0 /* sv */ = {isa = PBXFileReference; lastKnownFileType = text.plist.strings; name = sv; path = sv.lproj/Localizable.strings; sourceTree = "<group>"; };
		4651A80313AC0499002054D0 /* ru */ = {isa = PBXFileReference; lastKnownFileType = text.plist.strings; name = ru; path = ru.lproj/Localizable.strings; sourceTree = "<group>"; };
		4651A80413AC0550002054D0 /* zh-Hans */ = {isa = PBXFileReference; lastKnownFileType = text.plist.strings; name = "zh-Hans"; path = "zh-Hans.lproj/Localizable.strings"; sourceTree = "<group>"; };
		4651A80513AC0561002054D0 /* zh-Hant */ = {isa = PBXFileReference; lastKnownFileType = text.plist.strings; name = "zh-Hant"; path = "zh-Hant.lproj/Localizable.strings"; sourceTree = "<group>"; };
		4651A80913AC3E1A002054D0 /* ja */ = {isa = PBXFileReference; fileEncoding = 4; lastKnownFileType = text.plist.strings; name = ja; path = ja.lproj/InfoPlist.strings; sourceTree = "<group>"; };
		4651A80A13AC3E1C002054D0 /* fr */ = {isa = PBXFileReference; fileEncoding = 4; lastKnownFileType = text.plist.strings; name = fr; path = fr.lproj/InfoPlist.strings; sourceTree = "<group>"; };
		4651A80B13AC3E1F002054D0 /* de */ = {isa = PBXFileReference; fileEncoding = 4; lastKnownFileType = text.plist.strings; name = de; path = de.lproj/InfoPlist.strings; sourceTree = "<group>"; };
		4651A80C13AC3E22002054D0 /* es */ = {isa = PBXFileReference; fileEncoding = 4; lastKnownFileType = text.plist.strings; name = es; path = es.lproj/InfoPlist.strings; sourceTree = "<group>"; };
		4651A80D13AC3E25002054D0 /* it */ = {isa = PBXFileReference; fileEncoding = 4; lastKnownFileType = text.plist.strings; name = it; path = it.lproj/InfoPlist.strings; sourceTree = "<group>"; };
		4651A80E13AC3E28002054D0 /* sv */ = {isa = PBXFileReference; fileEncoding = 4; lastKnownFileType = text.plist.strings; name = sv; path = sv.lproj/InfoPlist.strings; sourceTree = "<group>"; };
		4651A80F13AC3E2B002054D0 /* zh-Hans */ = {isa = PBXFileReference; fileEncoding = 4; lastKnownFileType = text.plist.strings; name = "zh-Hans"; path = "zh-Hans.lproj/InfoPlist.strings"; sourceTree = "<group>"; };
		4651A81013AC3E2B002054D0 /* zh-Hant */ = {isa = PBXFileReference; fileEncoding = 4; lastKnownFileType = text.plist.strings; name = "zh-Hant"; path = "zh-Hant.lproj/InfoPlist.strings"; sourceTree = "<group>"; };
		4651A81113AC3E2B002054D0 /* ru */ = {isa = PBXFileReference; fileEncoding = 4; lastKnownFileType = text.plist.strings; name = ru; path = ru.lproj/InfoPlist.strings; sourceTree = "<group>"; };
		4696543413A28ADB00DA476E /* libSystem.B.dylib */ = {isa = PBXFileReference; lastKnownFileType = "compiled.mach-o.dylib"; name = libSystem.B.dylib; path = usr/lib/libSystem.B.dylib; sourceTree = SDKROOT; };
		46A95C3013A0431200B0F1A5 /* carbon_fibre@2x.png */ = {isa = PBXFileReference; lastKnownFileType = image.png; path = "carbon_fibre@2x.png"; sourceTree = "<group>"; };
		46A95C3113A0431200B0F1A5 /* tactile_noise@2x.png */ = {isa = PBXFileReference; lastKnownFileType = image.png; path = "tactile_noise@2x.png"; sourceTree = "<group>"; };
		46A95C3213A0431200B0F1A5 /* black_denim@2x.png */ = {isa = PBXFileReference; lastKnownFileType = image.png; path = "black_denim@2x.png"; sourceTree = "<group>"; };
		46A95C3313A0431200B0F1A5 /* dark_stripes@2x.png */ = {isa = PBXFileReference; lastKnownFileType = image.png; path = "dark_stripes@2x.png"; sourceTree = "<group>"; };
		46A95C3413A0431200B0F1A5 /* wood_1@2x.png */ = {isa = PBXFileReference; lastKnownFileType = image.png; path = "wood_1@2x.png"; sourceTree = "<group>"; };
		46A95C3513A0431200B0F1A5 /* black_paper@2x.png */ = {isa = PBXFileReference; lastKnownFileType = image.png; path = "black_paper@2x.png"; sourceTree = "<group>"; };
		46A95C3613A0431200B0F1A5 /* blackmamba@2x.png */ = {isa = PBXFileReference; lastKnownFileType = image.png; path = "blackmamba@2x.png"; sourceTree = "<group>"; };
		46A95C3713A0431200B0F1A5 /* padded@2x.png */ = {isa = PBXFileReference; lastKnownFileType = image.png; path = "padded@2x.png"; sourceTree = "<group>"; };
		46A95C3813A0431200B0F1A5 /* black_linen@2x.png */ = {isa = PBXFileReference; lastKnownFileType = image.png; path = "black_linen@2x.png"; sourceTree = "<group>"; };
		46A95C5C13A05E1700B0F1A5 /* 45degreee_fabric.png */ = {isa = PBXFileReference; lastKnownFileType = image.png; path = 45degreee_fabric.png; sourceTree = "<group>"; };
		46A95C5D13A05E1700B0F1A5 /* fabric_1.png */ = {isa = PBXFileReference; lastKnownFileType = image.png; path = fabric_1.png; sourceTree = "<group>"; };
		46A95C5E13A05E1700B0F1A5 /* white_carbon.png */ = {isa = PBXFileReference; lastKnownFileType = image.png; path = white_carbon.png; sourceTree = "<group>"; };
		46A95C5F13A05E1700B0F1A5 /* leather_1.png */ = {isa = PBXFileReference; lastKnownFileType = image.png; path = leather_1.png; sourceTree = "<group>"; };
		46A95C6013A05E1700B0F1A5 /* paper_1.png */ = {isa = PBXFileReference; lastKnownFileType = image.png; path = paper_1.png; sourceTree = "<group>"; };
		46A95C6113A05E1700B0F1A5 /* white_sand.png */ = {isa = PBXFileReference; lastKnownFileType = image.png; path = white_sand.png; sourceTree = "<group>"; };
		46A95C6213A05E1700B0F1A5 /* exclusive_paper.png */ = {isa = PBXFileReference; lastKnownFileType = image.png; path = exclusive_paper.png; sourceTree = "<group>"; };
		46A95C6313A05E1700B0F1A5 /* 60degree_gray.png */ = {isa = PBXFileReference; lastKnownFileType = image.png; path = 60degree_gray.png; sourceTree = "<group>"; };
		46A95C6413A05E1700B0F1A5 /* smooth_wall.png */ = {isa = PBXFileReference; lastKnownFileType = image.png; path = smooth_wall.png; sourceTree = "<group>"; };
		46A95C6513A05E1700B0F1A5 /* pinstripe.png */ = {isa = PBXFileReference; lastKnownFileType = image.png; path = pinstripe.png; sourceTree = "<group>"; };
		46A95C6613A05E1700B0F1A5 /* handmadepaper.png */ = {isa = PBXFileReference; lastKnownFileType = image.png; path = handmadepaper.png; sourceTree = "<group>"; };
		46A95C6713A05E1700B0F1A5 /* rockywall.png */ = {isa = PBXFileReference; lastKnownFileType = image.png; path = rockywall.png; sourceTree = "<group>"; };
		46A95C6813A05E1700B0F1A5 /* double_lined.png */ = {isa = PBXFileReference; lastKnownFileType = image.png; path = double_lined.png; sourceTree = "<group>"; };
		46A95C6913A05E1700B0F1A5 /* light_honeycomb.png */ = {isa = PBXFileReference; lastKnownFileType = image.png; path = light_honeycomb.png; sourceTree = "<group>"; };
		46AED4DB13A32E26005E660E /* QuartzCore.framework */ = {isa = PBXFileReference; lastKnownFileType = wrapper.framework; name = QuartzCore.framework; path = System/Library/Frameworks/QuartzCore.framework; sourceTree = SDKROOT; };
		46AFD12B1397292F00654864 /* Light².app */ = {isa = PBXFileReference; explicitFileType = wrapper.application; includeInIndex = 0; path = "Light².app"; sourceTree = BUILT_PRODUCTS_DIR; };
		46AFD12F1397292F00654864 /* UIKit.framework */ = {isa = PBXFileReference; lastKnownFileType = wrapper.framework; name = UIKit.framework; path = System/Library/Frameworks/UIKit.framework; sourceTree = SDKROOT; };
		46AFD1311397292F00654864 /* Foundation.framework */ = {isa = PBXFileReference; lastKnownFileType = wrapper.framework; name = Foundation.framework; path = System/Library/Frameworks/Foundation.framework; sourceTree = SDKROOT; };
		46AFD1331397292F00654864 /* CoreGraphics.framework */ = {isa = PBXFileReference; lastKnownFileType = wrapper.framework; name = CoreGraphics.framework; path = System/Library/Frameworks/CoreGraphics.framework; sourceTree = SDKROOT; };
		46AFD1371397292F00654864 /* Light²-Info.plist */ = {isa = PBXFileReference; lastKnownFileType = text.plist.xml; path = "Light²-Info.plist"; sourceTree = "<group>"; };
		46AFD1391397292F00654864 /* en */ = {isa = PBXFileReference; fileEncoding = 4; lastKnownFileType = text.plist.strings; name = en; path = en.lproj/InfoPlist.strings; sourceTree = "<group>"; };
		46AFD13B1397292F00654864 /* Light²-Prefix.pch */ = {isa = PBXFileReference; lastKnownFileType = sourcecode.c.h; path = "Light²-Prefix.pch"; sourceTree = "<group>"; };
		46AFD13C1397292F00654864 /* main.m */ = {isa = PBXFileReference; lastKnownFileType = sourcecode.c.objc; path = main.m; sourceTree = "<group>"; };
		46AFD13E1397292F00654864 /* Light_AppDelegate.h */ = {isa = PBXFileReference; lastKnownFileType = sourcecode.c.h; path = Light_AppDelegate.h; sourceTree = "<group>"; };
		46AFD13F1397292F00654864 /* Light_AppDelegate.m */ = {isa = PBXFileReference; lastKnownFileType = sourcecode.c.objc; path = Light_AppDelegate.m; sourceTree = "<group>"; };
		46AFD1421397292F00654864 /* en */ = {isa = PBXFileReference; lastKnownFileType = file.xib; name = en; path = en.lproj/MainWindow.xib; sourceTree = "<group>"; };
		46AFD1441397292F00654864 /* Light_ViewController.h */ = {isa = PBXFileReference; lastKnownFileType = sourcecode.c.h; path = Light_ViewController.h; sourceTree = "<group>"; };
		46AFD1451397292F00654864 /* Light_ViewController.m */ = {isa = PBXFileReference; lastKnownFileType = sourcecode.c.objc; path = Light_ViewController.m; sourceTree = "<group>"; };
		46AFD1481397292F00654864 /* en */ = {isa = PBXFileReference; lastKnownFileType = file.xib; name = en; path = en.lproj/Light_ViewController.xib; sourceTree = "<group>"; };
		46AFD1571397293000654864 /* Light²Tests-Info.plist */ = {isa = PBXFileReference; lastKnownFileType = text.plist.xml; path = "Light²Tests-Info.plist"; sourceTree = "<group>"; };
		46AFD1591397293000654864 /* en */ = {isa = PBXFileReference; lastKnownFileType = text.plist.strings; name = en; path = en.lproj/InfoPlist.strings; sourceTree = "<group>"; };
		46AFD15B1397293000654864 /* Light²Tests-Prefix.pch */ = {isa = PBXFileReference; lastKnownFileType = sourcecode.c.h; path = "Light²Tests-Prefix.pch"; sourceTree = "<group>"; };
		46AFD15C1397293000654864 /* Light_Tests.h */ = {isa = PBXFileReference; lastKnownFileType = sourcecode.c.h; path = Light_Tests.h; sourceTree = "<group>"; };
		46AFD15E1397293000654864 /* Light_Tests.m */ = {isa = PBXFileReference; lastKnownFileType = sourcecode.c.objc; path = Light_Tests.m; sourceTree = "<group>"; };
		46AFD16A1397294700654864 /* en */ = {isa = PBXFileReference; lastKnownFileType = file.xib; name = en; path = "iPad/en.lproj/MainWindow-iPad.xib"; sourceTree = "<group>"; };
		46E42814139ABF4A004CA035 /* LATorch.h */ = {isa = PBXFileReference; fileEncoding = 4; lastKnownFileType = sourcecode.c.h; path = LATorch.h; sourceTree = "<group>"; };
		46E42815139ABF4A004CA035 /* LATorch.m */ = {isa = PBXFileReference; fileEncoding = 4; lastKnownFileType = sourcecode.c.objc; path = LATorch.m; sourceTree = "<group>"; };
		46E4281E139AC151004CA035 /* AVFoundation.framework */ = {isa = PBXFileReference; lastKnownFileType = wrapper.framework; name = AVFoundation.framework; path = System/Library/Frameworks/AVFoundation.framework; sourceTree = SDKROOT; };
		46E42820139C6C0E004CA035 /* light_honeycomb@2x.png */ = {isa = PBXFileReference; lastKnownFileType = image.png; path = "light_honeycomb@2x.png"; sourceTree = "<group>"; };
		46E42823139C6DF1004CA035 /* 45degree_fabric@2x.png */ = {isa = PBXFileReference; lastKnownFileType = image.png; path = "45degree_fabric@2x.png"; sourceTree = "<group>"; };
		46E42824139C6DF1004CA035 /* fabric_1@2x.png */ = {isa = PBXFileReference; lastKnownFileType = image.png; path = "fabric_1@2x.png"; sourceTree = "<group>"; };
		46E42825139C6DF1004CA035 /* white_carbon@2x.png */ = {isa = PBXFileReference; lastKnownFileType = image.png; path = "white_carbon@2x.png"; sourceTree = "<group>"; };
		46E42826139C6DF1004CA035 /* leather_1@2x.png */ = {isa = PBXFileReference; lastKnownFileType = image.png; path = "leather_1@2x.png"; sourceTree = "<group>"; };
		46E42827139C6DF1004CA035 /* paper_1@2x.png */ = {isa = PBXFileReference; lastKnownFileType = image.png; path = "paper_1@2x.png"; sourceTree = "<group>"; };
		46E42828139C6DF1004CA035 /* white_sand@2x.png */ = {isa = PBXFileReference; lastKnownFileType = image.png; path = "white_sand@2x.png"; sourceTree = "<group>"; };
		46E42829139C6DF1004CA035 /* exclusive_paper@2x.png */ = {isa = PBXFileReference; lastKnownFileType = image.png; path = "exclusive_paper@2x.png"; sourceTree = "<group>"; };
		46E4282A139C6DF1004CA035 /* 60degree_gray@2x.png */ = {isa = PBXFileReference; lastKnownFileType = image.png; path = "60degree_gray@2x.png"; sourceTree = "<group>"; };
		46E4282B139C6DF1004CA035 /* smooth_wall@2x.png */ = {isa = PBXFileReference; lastKnownFileType = image.png; path = "smooth_wall@2x.png"; sourceTree = "<group>"; };
		46E4282C139C6DF1004CA035 /* pinstripe@2x.png */ = {isa = PBXFileReference; lastKnownFileType = image.png; path = "pinstripe@2x.png"; sourceTree = "<group>"; };
		46E4282D139C6DF1004CA035 /* handmadepaper@2x.png */ = {isa = PBXFileReference; lastKnownFileType = image.png; path = "handmadepaper@2x.png"; sourceTree = "<group>"; };
		46E4282E139C6DF1004CA035 /* rockywall@2x.png */ = {isa = PBXFileReference; lastKnownFileType = image.png; path = "rockywall@2x.png"; sourceTree = "<group>"; };
		46E4282F139C6DF1004CA035 /* double_lined@2x.png */ = {isa = PBXFileReference; lastKnownFileType = image.png; path = "double_lined@2x.png"; sourceTree = "<group>"; };
/* End PBXFileReference section */

/* Begin PBXFrameworksBuildPhase section */
		46AFD1281397292F00654864 /* Frameworks */ = {
			isa = PBXFrameworksBuildPhase;
			buildActionMask = 2147483647;
			files = (
				46AED4DC13A32E26005E660E /* QuartzCore.framework in Frameworks */,
				4696543513A28ADB00DA476E /* libSystem.B.dylib in Frameworks */,
				46E4281F139AC151004CA035 /* AVFoundation.framework in Frameworks */,
				46AFD1301397292F00654864 /* UIKit.framework in Frameworks */,
				46AFD1321397292F00654864 /* Foundation.framework in Frameworks */,
				46AFD1341397292F00654864 /* CoreGraphics.framework in Frameworks */,
			);
			runOnlyForDeploymentPostprocessing = 0;
		};
/* End PBXFrameworksBuildPhase section */

/* Begin PBXGroup section */
		46A95C2E13A042AF00B0F1A5 /* Dark */ = {
			isa = PBXGroup;
			children = (
				46A95C4613A05DDD00B0F1A5 /* Retina */,
			);
			name = Dark;
			sourceTree = "<group>";
		};
		46A95C4413A05DAB00B0F1A5 /* Retina */ = {
			isa = PBXGroup;
			children = (
				46E42823139C6DF1004CA035 /* 45degree_fabric@2x.png */,
				46E42824139C6DF1004CA035 /* fabric_1@2x.png */,
				46E42825139C6DF1004CA035 /* white_carbon@2x.png */,
				46E42826139C6DF1004CA035 /* leather_1@2x.png */,
				46E42827139C6DF1004CA035 /* paper_1@2x.png */,
				46E42828139C6DF1004CA035 /* white_sand@2x.png */,
				46E42829139C6DF1004CA035 /* exclusive_paper@2x.png */,
				46E4282A139C6DF1004CA035 /* 60degree_gray@2x.png */,
				46E4282B139C6DF1004CA035 /* smooth_wall@2x.png */,
				46E4282C139C6DF1004CA035 /* pinstripe@2x.png */,
				46E4282D139C6DF1004CA035 /* handmadepaper@2x.png */,
				46E4282E139C6DF1004CA035 /* rockywall@2x.png */,
				46E4282F139C6DF1004CA035 /* double_lined@2x.png */,
				46E42820139C6C0E004CA035 /* light_honeycomb@2x.png */,
			);
			name = Retina;
			sourceTree = "<group>";
		};
		46A95C4513A05DBA00B0F1A5 /* Non-Retina */ = {
			isa = PBXGroup;
			children = (
				46A95C5C13A05E1700B0F1A5 /* 45degreee_fabric.png */,
				46A95C5D13A05E1700B0F1A5 /* fabric_1.png */,
				46A95C5E13A05E1700B0F1A5 /* white_carbon.png */,
				46A95C5F13A05E1700B0F1A5 /* leather_1.png */,
				46A95C6013A05E1700B0F1A5 /* paper_1.png */,
				46A95C6113A05E1700B0F1A5 /* white_sand.png */,
				46A95C6213A05E1700B0F1A5 /* exclusive_paper.png */,
				46A95C6313A05E1700B0F1A5 /* 60degree_gray.png */,
				46A95C6413A05E1700B0F1A5 /* smooth_wall.png */,
				46A95C6513A05E1700B0F1A5 /* pinstripe.png */,
				46A95C6613A05E1700B0F1A5 /* handmadepaper.png */,
				46A95C6713A05E1700B0F1A5 /* rockywall.png */,
				46A95C6813A05E1700B0F1A5 /* double_lined.png */,
				46A95C6913A05E1700B0F1A5 /* light_honeycomb.png */,
			);
			name = "Non-Retina";
			sourceTree = "<group>";
		};
		46A95C4613A05DDD00B0F1A5 /* Retina */ = {
			isa = PBXGroup;
			children = (
				46A95C3013A0431200B0F1A5 /* carbon_fibre@2x.png */,
				46A95C3113A0431200B0F1A5 /* tactile_noise@2x.png */,
				46A95C3213A0431200B0F1A5 /* black_denim@2x.png */,
				46A95C3313A0431200B0F1A5 /* dark_stripes@2x.png */,
				46A95C3413A0431200B0F1A5 /* wood_1@2x.png */,
				46A95C3513A0431200B0F1A5 /* black_paper@2x.png */,
				46A95C3613A0431200B0F1A5 /* blackmamba@2x.png */,
				46A95C3713A0431200B0F1A5 /* padded@2x.png */,
				46A95C3813A0431200B0F1A5 /* black_linen@2x.png */,
			);
			name = Retina;
			sourceTree = "<group>";
		};
		46AFD1201397292F00654864 = {
			isa = PBXGroup;
			children = (
				46AED4DB13A32E26005E660E /* QuartzCore.framework */,
				46E42822139C6C12004CA035 /* Images */,
				46AFD1351397292F00654864 /* Light² */,
				46AFD1551397293000654864 /* Light²Tests */,
				46AFD12E1397292F00654864 /* Frameworks */,
				46AFD12C1397292F00654864 /* Products */,
			);
			sourceTree = "<group>";
		};
		46AFD12C1397292F00654864 /* Products */ = {
			isa = PBXGroup;
			children = (
				46AFD12B1397292F00654864 /* Light².app */,
			);
			name = Products;
			sourceTree = "<group>";
		};
		46AFD12E1397292F00654864 /* Frameworks */ = {
			isa = PBXGroup;
			children = (
				4696543413A28ADB00DA476E /* libSystem.B.dylib */,
				46E4281E139AC151004CA035 /* AVFoundation.framework */,
				46AFD12F1397292F00654864 /* UIKit.framework */,
				46AFD1311397292F00654864 /* Foundation.framework */,
				46AFD1331397292F00654864 /* CoreGraphics.framework */,
			);
			name = Frameworks;
			sourceTree = "<group>";
		};
		46AFD1351397292F00654864 /* Light² */ = {
			isa = PBXGroup;
			children = (
				46AFD1681397293F00654864 /* iPad */,
				46AFD13E1397292F00654864 /* Light_AppDelegate.h */,
				46AFD13F1397292F00654864 /* Light_AppDelegate.m */,
				46E42814139ABF4A004CA035 /* LATorch.h */,
				46E42815139ABF4A004CA035 /* LATorch.m */,
				46AFD1411397292F00654864 /* MainWindow.xib */,
				46AFD1441397292F00654864 /* Light_ViewController.h */,
				46AFD1451397292F00654864 /* Light_ViewController.m */,
				46AFD1471397292F00654864 /* Light_ViewController.xib */,
				46AFD1361397292F00654864 /* Supporting Files */,
			);
			path = "Light²";
			sourceTree = "<group>";
		};
		46AFD1361397292F00654864 /* Supporting Files */ = {
			isa = PBXGroup;
			children = (
				46AFD1371397292F00654864 /* Light²-Info.plist */,
				46AFD1381397292F00654864 /* InfoPlist.strings */,
				4651A7FC13AC0261002054D0 /* Localizable.strings */,
				46AFD13B1397292F00654864 /* Light²-Prefix.pch */,
				46AFD13C1397292F00654864 /* main.m */,
			);
			name = "Supporting Files";
			sourceTree = "<group>";
		};
		46AFD1551397293000654864 /* Light²Tests */ = {
			isa = PBXGroup;
			children = (
				46AFD15C1397293000654864 /* Light_Tests.h */,
				46AFD15E1397293000654864 /* Light_Tests.m */,
				46AFD1561397293000654864 /* Supporting Files */,
			);
			path = "Light²Tests";
			sourceTree = "<group>";
		};
		46AFD1561397293000654864 /* Supporting Files */ = {
			isa = PBXGroup;
			children = (
				46AFD1571397293000654864 /* Light²Tests-Info.plist */,
				46AFD1581397293000654864 /* InfoPlist.strings */,
				46AFD15B1397293000654864 /* Light²Tests-Prefix.pch */,
			);
			name = "Supporting Files";
			sourceTree = "<group>";
		};
		46AFD1681397293F00654864 /* iPad */ = {
			isa = PBXGroup;
			children = (
				46AFD1691397294600654864 /* MainWindow-iPad.xib */,
			);
			name = iPad;
			sourceTree = "<group>";
		};
		46E42822139C6C12004CA035 /* Images */ = {
			isa = PBXGroup;
			children = (
				4651A7D913A717F4002054D0 /* icon.png */,
				4651A7E913A987DC002054D0 /* icon_color@2x.png */,
				4651A7ED13A9A627002054D0 /* icon_color_3@2x.png */,
				4651A7EB13A9A4ED002054D0 /* icon_color_2@2x.png */,
				4651A7EF13AAF101002054D0 /* icon_cocoia1@2x.png */,
				4651A7F113AB088D002054D0 /* bumpyButton@2x.png */,
				4651A7E413A84BC3002054D0 /* icon2@2x.png */,
				4651A7DA13A717F4002054D0 /* icon@2x.png */,
				4651A7E713A8538D002054D0 /* icon_2@2x.png */,
				4651A7DE13A7188D002054D0 /* icon-iPad.png */,
				4648F66513A32AFE004F67D6 /* zap.png */,
				4648F66613A32AFE004F67D6 /* zap@2x.png */,
				46A95C2E13A042AF00B0F1A5 /* Dark */,
				46E4283D139C709D004CA035 /* Light */,
			);
			name = Images;
			sourceTree = "<group>";
		};
		46E4283D139C709D004CA035 /* Light */ = {
			isa = PBXGroup;
			children = (
				46A95C4513A05DBA00B0F1A5 /* Non-Retina */,
				46A95C4413A05DAB00B0F1A5 /* Retina */,
			);
			name = Light;
			sourceTree = "<group>";
		};
/* End PBXGroup section */

/* Begin PBXNativeTarget section */
		46AFD12A1397292F00654864 /* Light² */ = {
			isa = PBXNativeTarget;
			buildConfigurationList = 46AFD1621397293000654864 /* Build configuration list for PBXNativeTarget "Light²" */;
			buildPhases = (
				46AFD1271397292F00654864 /* Sources */,
				46AFD1281397292F00654864 /* Frameworks */,
				46AFD1291397292F00654864 /* Resources */,
			);
			buildRules = (
			);
			dependencies = (
			);
			name = "Light²";
			productName = "Light²";
			productReference = 46AFD12B1397292F00654864 /* Light².app */;
			productType = "com.apple.product-type.application";
		};
/* End PBXNativeTarget section */

/* Begin PBXProject section */
		46AFD1221397292F00654864 /* Project object */ = {
			isa = PBXProject;
			attributes = {
				LastUpgradeCheck = 0420;
			};
			buildConfigurationList = 46AFD1251397292F00654864 /* Build configuration list for PBXProject "Light²" */;
			compatibilityVersion = "Xcode 3.2";
			developmentRegion = English;
			hasScannedForEncodings = 0;
			knownRegions = (
				en,
				ja,
				fr,
				de,
				es,
				it,
				sv,
				ru,
				"zh-Hans",
				"zh-Hant",
			);
			mainGroup = 46AFD1201397292F00654864;
			productRefGroup = 46AFD12C1397292F00654864 /* Products */;
			projectDirPath = "";
			projectRoot = "";
			targets = (
				46AFD12A1397292F00654864 /* Light² */,
			);
		};
/* End PBXProject section */

/* Begin PBXResourcesBuildPhase section */
		46AFD1291397292F00654864 /* Resources */ = {
			isa = PBXResourcesBuildPhase;
			buildActionMask = 2147483647;
			files = (
				46AFD13A1397292F00654864 /* InfoPlist.strings in Resources */,
				46AFD1431397292F00654864 /* MainWindow.xib in Resources */,
				46AFD1491397292F00654864 /* Light_ViewController.xib in Resources */,
				46AFD16B1397294700654864 /* MainWindow-iPad.xib in Resources */,
				46E42821139C6C0E004CA035 /* light_honeycomb@2x.png in Resources */,
				46E42830139C6DF1004CA035 /* 45degree_fabric@2x.png in Resources */,
				46E42831139C6DF1004CA035 /* fabric_1@2x.png in Resources */,
				46E42832139C6DF1004CA035 /* white_carbon@2x.png in Resources */,
				46E42833139C6DF1004CA035 /* leather_1@2x.png in Resources */,
				46E42834139C6DF1004CA035 /* paper_1@2x.png in Resources */,
				46E42835139C6DF1004CA035 /* white_sand@2x.png in Resources */,
				46E42836139C6DF1004CA035 /* exclusive_paper@2x.png in Resources */,
				46E42837139C6DF1004CA035 /* 60degree_gray@2x.png in Resources */,
				46E42838139C6DF1004CA035 /* smooth_wall@2x.png in Resources */,
				46E42839139C6DF1004CA035 /* pinstripe@2x.png in Resources */,
				46E4283A139C6DF1004CA035 /* handmadepaper@2x.png in Resources */,
				46E4283B139C6DF1004CA035 /* rockywall@2x.png in Resources */,
				46E4283C139C6DF1004CA035 /* double_lined@2x.png in Resources */,
				46A95C3A13A0431200B0F1A5 /* carbon_fibre@2x.png in Resources */,
				46A95C3B13A0431200B0F1A5 /* tactile_noise@2x.png in Resources */,
				46A95C3C13A0431200B0F1A5 /* black_denim@2x.png in Resources */,
				46A95C3D13A0431200B0F1A5 /* dark_stripes@2x.png in Resources */,
				46A95C3E13A0431200B0F1A5 /* wood_1@2x.png in Resources */,
				46A95C3F13A0431200B0F1A5 /* black_paper@2x.png in Resources */,
				46A95C4013A0431200B0F1A5 /* blackmamba@2x.png in Resources */,
				46A95C4113A0431200B0F1A5 /* padded@2x.png in Resources */,
				46A95C4213A0431200B0F1A5 /* black_linen@2x.png in Resources */,
				46A95C6A13A05E1700B0F1A5 /* 45degreee_fabric.png in Resources */,
				46A95C6B13A05E1700B0F1A5 /* fabric_1.png in Resources */,
				46A95C6C13A05E1700B0F1A5 /* white_carbon.png in Resources */,
				46A95C6D13A05E1700B0F1A5 /* leather_1.png in Resources */,
				46A95C6E13A05E1700B0F1A5 /* paper_1.png in Resources */,
				46A95C6F13A05E1700B0F1A5 /* white_sand.png in Resources */,
				46A95C7013A05E1700B0F1A5 /* exclusive_paper.png in Resources */,
				46A95C7113A05E1700B0F1A5 /* 60degree_gray.png in Resources */,
				46A95C7213A05E1700B0F1A5 /* smooth_wall.png in Resources */,
				46A95C7313A05E1700B0F1A5 /* pinstripe.png in Resources */,
				46A95C7413A05E1700B0F1A5 /* handmadepaper.png in Resources */,
				46A95C7513A05E1700B0F1A5 /* rockywall.png in Resources */,
				46A95C7613A05E1700B0F1A5 /* double_lined.png in Resources */,
				46A95C7713A05E1700B0F1A5 /* light_honeycomb.png in Resources */,
				4648F66713A32AFE004F67D6 /* zap.png in Resources */,
				4648F66813A32AFE004F67D6 /* zap@2x.png in Resources */,
				4651A7DB13A717F4002054D0 /* icon.png in Resources */,
				4651A7DC13A717F4002054D0 /* icon@2x.png in Resources */,
				4651A7DF13A7188D002054D0 /* icon-iPad.png in Resources */,
				4651A7E513A84BC3002054D0 /* icon2@2x.png in Resources */,
				4651A7E813A8538D002054D0 /* icon_2@2x.png in Resources */,
				4651A7EA13A987DC002054D0 /* icon_color@2x.png in Resources */,
				4651A7EC13A9A4ED002054D0 /* icon_color_2@2x.png in Resources */,
				4651A7EE13A9A627002054D0 /* icon_color_3@2x.png in Resources */,
				4651A7F013AAF101002054D0 /* icon_cocoia1@2x.png in Resources */,
				4651A7F213AB088D002054D0 /* bumpyButton@2x.png in Resources */,
				4651A7FA13AC0261002054D0 /* Localizable.strings in Resources */,
			);
			runOnlyForDeploymentPostprocessing = 0;
		};
/* End PBXResourcesBuildPhase section */

/* Begin PBXSourcesBuildPhase section */
		46AFD1271397292F00654864 /* Sources */ = {
			isa = PBXSourcesBuildPhase;
			buildActionMask = 2147483647;
			files = (
				46AFD13D1397292F00654864 /* main.m in Sources */,
				46AFD1401397292F00654864 /* Light_AppDelegate.m in Sources */,
				46AFD1461397292F00654864 /* Light_ViewController.m in Sources */,
				46E42816139ABF4A004CA035 /* LATorch.m in Sources */,
			);
			runOnlyForDeploymentPostprocessing = 0;
		};
/* End PBXSourcesBuildPhase section */

/* Begin PBXVariantGroup section */
		4651A7FC13AC0261002054D0 /* Localizable.strings */ = {
			isa = PBXVariantGroup;
			children = (
				4651A7FB13AC0261002054D0 /* en */,
				4651A7FD13AC029D002054D0 /* ja */,
				4651A7FE13AC030A002054D0 /* fr */,
				4651A7FF13AC0357002054D0 /* de */,
				4651A80013AC03B0002054D0 /* es */,
				4651A80113AC0410002054D0 /* it */,
				4651A80213AC0452002054D0 /* sv */,
				4651A80313AC0499002054D0 /* ru */,
				4651A80413AC0550002054D0 /* zh-Hans */,
				4651A80513AC0561002054D0 /* zh-Hant */,
			);
			name = Localizable.strings;
			sourceTree = "<group>";
		};
		46AFD1381397292F00654864 /* InfoPlist.strings */ = {
			isa = PBXVariantGroup;
			children = (
				46AFD1391397292F00654864 /* en */,
				4651A80913AC3E1A002054D0 /* ja */,
				4651A80A13AC3E1C002054D0 /* fr */,
				4651A80B13AC3E1F002054D0 /* de */,
				4651A80C13AC3E22002054D0 /* es */,
				4651A80D13AC3E25002054D0 /* it */,
				4651A80E13AC3E28002054D0 /* sv */,
				4651A80F13AC3E2B002054D0 /* zh-Hans */,
				4651A81013AC3E2B002054D0 /* zh-Hant */,
				4651A81113AC3E2B002054D0 /* ru */,
			);
			name = InfoPlist.strings;
			sourceTree = "<group>";
		};
		46AFD1411397292F00654864 /* MainWindow.xib */ = {
			isa = PBXVariantGroup;
			children = (
				46AFD1421397292F00654864 /* en */,
			);
			name = MainWindow.xib;
			sourceTree = "<group>";
		};
		46AFD1471397292F00654864 /* Light_ViewController.xib */ = {
			isa = PBXVariantGroup;
			children = (
				46AFD1481397292F00654864 /* en */,
			);
			name = Light_ViewController.xib;
			sourceTree = "<group>";
		};
		46AFD1581397293000654864 /* InfoPlist.strings */ = {
			isa = PBXVariantGroup;
			children = (
				46AFD1591397293000654864 /* en */,
			);
			name = InfoPlist.strings;
			sourceTree = "<group>";
		};
		46AFD1691397294600654864 /* MainWindow-iPad.xib */ = {
			isa = PBXVariantGroup;
			children = (
				46AFD16A1397294700654864 /* en */,
			);
			name = "MainWindow-iPad.xib";
			sourceTree = "<group>";
		};
/* End PBXVariantGroup section */

/* Begin XCBuildConfiguration section */
		46AFD1601397293000654864 /* Debug */ = {
			isa = XCBuildConfiguration;
			buildSettings = {
				ARCHS = "$(ARCHS_STANDARD_32_BIT)";
				"CODE_SIGN_IDENTITY[sdk=iphoneos*]" = "iPhone Developer";
				GCC_C_LANGUAGE_STANDARD = gnu99;
				GCC_OPTIMIZATION_LEVEL = 0;
				GCC_PREPROCESSOR_DEFINITIONS = DEBUG;
				GCC_SYMBOLS_PRIVATE_EXTERN = NO;
				GCC_VERSION = com.apple.compilers.llvm.clang.1_0;
				GCC_WARN_ABOUT_MISSING_PROTOTYPES = YES;
				GCC_WARN_ABOUT_RETURN_TYPE = YES;
				GCC_WARN_UNUSED_VARIABLE = YES;
				IPHONEOS_DEPLOYMENT_TARGET = 3.2;
				OTHER_CPLUSPLUSFLAGS = "";
				"PROVISIONING_PROFILE[sdk=iphoneos*]" = "";
				RUN_CLANG_STATIC_ANALYZER = YES;
				SDKROOT = iphoneos;
				TARGETED_DEVICE_FAMILY = "1,2";
			};
			name = Debug;
		};
		46AFD1611397293000654864 /* Release */ = {
			isa = XCBuildConfiguration;
			buildSettings = {
				ARCHS = "$(ARCHS_STANDARD_32_BIT)";
				CODE_SIGN_IDENTITY = "";
				"CODE_SIGN_IDENTITY[sdk=iphoneos*]" = "iPhone Distribution: Lars Anderson";
				GCC_C_LANGUAGE_STANDARD = gnu99;
				GCC_VERSION = com.apple.compilers.llvm.clang.1_0;
				GCC_WARN_ABOUT_MISSING_PROTOTYPES = YES;
				GCC_WARN_ABOUT_RETURN_TYPE = YES;
				GCC_WARN_UNUSED_VARIABLE = YES;
				IPHONEOS_DEPLOYMENT_TARGET = 3.2;
				OTHER_CFLAGS = "-DNS_BLOCK_ASSERTIONS=1";
				"PROVISIONING_PROFILE[sdk=iphoneos*]" = "DF7C0AD2-3FCF-4AF9-A18F-72746516727C";
				RUN_CLANG_STATIC_ANALYZER = NO;
				SDKROOT = iphoneos;
				TARGETED_DEVICE_FAMILY = "1,2";
			};
			name = Release;
		};
		46AFD1631397293000654864 /* Debug */ = {
			isa = XCBuildConfiguration;
			buildSettings = {
				ALWAYS_SEARCH_USER_PATHS = NO;
				COPY_PHASE_STRIP = NO;
				GCC_DYNAMIC_NO_PIC = NO;
				GCC_PRECOMPILE_PREFIX_HEADER = YES;
				GCC_PREFIX_HEADER = "Light²/Light²-Prefix.pch";
				INFOPLIST_FILE = "Light²/Light²-Info.plist";
				IPHONEOS_DEPLOYMENT_TARGET = 3.2;
				PRODUCT_NAME = "$(TARGET_NAME)";
				TARGETED_DEVICE_FAMILY = "1,2";
				WRAPPER_EXTENSION = app;
			};
			name = Debug;
		};
		46AFD1641397293000654864 /* Release */ = {
			isa = XCBuildConfiguration;
			buildSettings = {
				ALWAYS_SEARCH_USER_PATHS = NO;
				COPY_PHASE_STRIP = YES;
				GCC_PRECOMPILE_PREFIX_HEADER = YES;
				GCC_PREFIX_HEADER = "Light²/Light²-Prefix.pch";
				INFOPLIST_FILE = "Light²/Light²-Info.plist";
				IPHONEOS_DEPLOYMENT_TARGET = 3.2;
				PRODUCT_NAME = "$(TARGET_NAME)";
				TARGETED_DEVICE_FAMILY = "1,2";
				VALIDATE_PRODUCT = YES;
				WRAPPER_EXTENSION = app;
			};
			name = Release;
		};
/* End XCBuildConfiguration section */

/* Begin XCConfigurationList section */
		46AFD1251397292F00654864 /* Build configuration list for PBXProject "Light²" */ = {
			isa = XCConfigurationList;
			buildConfigurations = (
				46AFD1601397293000654864 /* Debug */,
				46AFD1611397293000654864 /* Release */,
			);
			defaultConfigurationIsVisible = 0;
			defaultConfigurationName = Debug;
		};
		46AFD1621397293000654864 /* Build configuration list for PBXNativeTarget "Light²" */ = {
			isa = XCConfigurationList;
			buildConfigurations = (
				46AFD1631397293000654864 /* Debug */,
				46AFD1641397293000654864 /* Release */,
			);
			defaultConfigurationIsVisible = 0;
			defaultConfigurationName = Debug;
		};
/* End XCConfigurationList section */
	};
	rootObject = 46AFD1221397292F00654864 /* Project object */;
}
